// !$*UTF8*$!
{
	archiveVersion = 1;
	classes = {
	};
	objectVersion = 46;
	objects = {

/* Begin PBXBuildFile section */
		95219D150FE17A558BA876B1 /* Pods_Eventis.framework in Frameworks */ = {isa = PBXBuildFile; fileRef = B98E722B36DD3572913E5E92 /* Pods_Eventis.framework */; };
		FE020FD91D3D83CD005A87B3 /* customTextView.swift in Sources */ = {isa = PBXBuildFile; fileRef = FE020FD81D3D83CD005A87B3 /* customTextView.swift */; };
		FE020FDB1D3D86F7005A87B3 /* customButton.swift in Sources */ = {isa = PBXBuildFile; fileRef = FE020FDA1D3D86F7005A87B3 /* customButton.swift */; };
		FE0516B21D15D64E00296A77 /* AppDelegate.swift in Sources */ = {isa = PBXBuildFile; fileRef = FE0516B11D15D64E00296A77 /* AppDelegate.swift */; };
		FE0516B71D15D64E00296A77 /* Main.storyboard in Resources */ = {isa = PBXBuildFile; fileRef = FE0516B51D15D64E00296A77 /* Main.storyboard */; };
		FE0516B91D15D64E00296A77 /* Assets.xcassets in Resources */ = {isa = PBXBuildFile; fileRef = FE0516B81D15D64E00296A77 /* Assets.xcassets */; };
		FE0516BC1D15D64E00296A77 /* LaunchScreen.storyboard in Resources */ = {isa = PBXBuildFile; fileRef = FE0516BA1D15D64E00296A77 /* LaunchScreen.storyboard */; };
		FE0516C61D15DD0900296A77 /* GoogleService-Info.plist in Resources */ = {isa = PBXBuildFile; fileRef = FE0516C51D15DD0900296A77 /* GoogleService-Info.plist */; };
		FE0516E81D16249500296A77 /* User.swift in Sources */ = {isa = PBXBuildFile; fileRef = FE0516E71D16249500296A77 /* User.swift */; };
		FE0516EA1D1635A100296A77 /* EventViewController.swift in Sources */ = {isa = PBXBuildFile; fileRef = FE0516E91D1635A100296A77 /* EventViewController.swift */; };
		FE0516EE1D16361300296A77 /* HostUpdatesTableViewController.swift in Sources */ = {isa = PBXBuildFile; fileRef = FE0516ED1D16361300296A77 /* HostUpdatesTableViewController.swift */; };
		FE1546251D3D96ED00FFC9AB /* UserCommentsViewController.swift in Sources */ = {isa = PBXBuildFile; fileRef = FE1546241D3D96ED00FFC9AB /* UserCommentsViewController.swift */; };
		FE4F1E461D1C60B0002DFC1F /* SearchAddressViewController.swift in Sources */ = {isa = PBXBuildFile; fileRef = FE4F1E451D1C60B0002DFC1F /* SearchAddressViewController.swift */; };
		FE5364861D3073D600C99126 /* EventImageViewController.swift in Sources */ = {isa = PBXBuildFile; fileRef = FE5364851D3073D600C99126 /* EventImageViewController.swift */; };
		FE5364881D30828100C99126 /* Event.swift in Sources */ = {isa = PBXBuildFile; fileRef = FE5364871D30828100C99126 /* Event.swift */; };
		FE53648A1D36C64D00C99126 /* SearchEventTableViewController.swift in Sources */ = {isa = PBXBuildFile; fileRef = FE5364891D36C64D00C99126 /* SearchEventTableViewController.swift */; };
		FE53648C1D3869EE00C99126 /* MapViewController.swift in Sources */ = {isa = PBXBuildFile; fileRef = FE53648B1D3869ED00C99126 /* MapViewController.swift */; };
		FE53648E1D39670E00C99126 /* UIStoryboardSegueWithCompletion.swift in Sources */ = {isa = PBXBuildFile; fileRef = FE53648D1D39670E00C99126 /* UIStoryboardSegueWithCompletion.swift */; };
		FE6E9BDE1D4013A200691D3C /* userCommentTableViewCell.swift in Sources */ = {isa = PBXBuildFile; fileRef = FE6E9BDD1D4013A200691D3C /* userCommentTableViewCell.swift */; };
		FE9C98781D18431300E63A8F /* SignInViewController.swift in Sources */ = {isa = PBXBuildFile; fileRef = FE9C98771D18431300E63A8F /* SignInViewController.swift */; };
		FE9C987C1D1858E600E63A8F /* UserState.swift in Sources */ = {isa = PBXBuildFile; fileRef = FE9C987B1D1858E600E63A8F /* UserState.swift */; };
		FE9C987E1D18677E00E63A8F /* CreateEventViewController.swift in Sources */ = {isa = PBXBuildFile; fileRef = FE9C987D1D18677E00E63A8F /* CreateEventViewController.swift */; };
		FE9F0BA61D3F043C00011370 /* HostMenuTableViewController.swift in Sources */ = {isa = PBXBuildFile; fileRef = FE9F0BA51D3F043C00011370 /* HostMenuTableViewController.swift */; };
/* End PBXBuildFile section */

/* Begin PBXFileReference section */
		824454ECCC182DC1A6A98F90 /* Pods-Eventis.debug.xcconfig */ = {isa = PBXFileReference; includeInIndex = 1; lastKnownFileType = text.xcconfig; name = "Pods-Eventis.debug.xcconfig"; path = "Pods/Target Support Files/Pods-Eventis/Pods-Eventis.debug.xcconfig"; sourceTree = "<group>"; };
		A47C821563CB29CE830471A5 /* Pods-Eventis.release.xcconfig */ = {isa = PBXFileReference; includeInIndex = 1; lastKnownFileType = text.xcconfig; name = "Pods-Eventis.release.xcconfig"; path = "Pods/Target Support Files/Pods-Eventis/Pods-Eventis.release.xcconfig"; sourceTree = "<group>"; };
		B98E722B36DD3572913E5E92 /* Pods_Eventis.framework */ = {isa = PBXFileReference; explicitFileType = wrapper.framework; includeInIndex = 0; path = Pods_Eventis.framework; sourceTree = BUILT_PRODUCTS_DIR; };
		FE020FD81D3D83CD005A87B3 /* customTextView.swift */ = {isa = PBXFileReference; fileEncoding = 4; lastKnownFileType = sourcecode.swift; path = customTextView.swift; sourceTree = "<group>"; };
		FE020FDA1D3D86F7005A87B3 /* customButton.swift */ = {isa = PBXFileReference; fileEncoding = 4; lastKnownFileType = sourcecode.swift; path = customButton.swift; sourceTree = "<group>"; };
		FE0516AE1D15D64E00296A77 /* Eventis.app */ = {isa = PBXFileReference; explicitFileType = wrapper.application; includeInIndex = 0; path = Eventis.app; sourceTree = BUILT_PRODUCTS_DIR; };
		FE0516B11D15D64E00296A77 /* AppDelegate.swift */ = {isa = PBXFileReference; lastKnownFileType = sourcecode.swift; path = AppDelegate.swift; sourceTree = "<group>"; };
		FE0516B61D15D64E00296A77 /* Base */ = {isa = PBXFileReference; lastKnownFileType = file.storyboard; name = Base; path = Base.lproj/Main.storyboard; sourceTree = "<group>"; };
		FE0516B81D15D64E00296A77 /* Assets.xcassets */ = {isa = PBXFileReference; lastKnownFileType = folder.assetcatalog; path = Assets.xcassets; sourceTree = "<group>"; };
		FE0516BB1D15D64E00296A77 /* Base */ = {isa = PBXFileReference; lastKnownFileType = file.storyboard; name = Base; path = Base.lproj/LaunchScreen.storyboard; sourceTree = "<group>"; };
		FE0516BD1D15D64E00296A77 /* Info.plist */ = {isa = PBXFileReference; lastKnownFileType = text.plist.xml; path = Info.plist; sourceTree = "<group>"; };
		FE0516C51D15DD0900296A77 /* GoogleService-Info.plist */ = {isa = PBXFileReference; fileEncoding = 4; lastKnownFileType = text.plist.xml; path = "GoogleService-Info.plist"; sourceTree = "<group>"; };
		FE0516E71D16249500296A77 /* User.swift */ = {isa = PBXFileReference; fileEncoding = 4; lastKnownFileType = sourcecode.swift; path = User.swift; sourceTree = "<group>"; };
		FE0516E91D1635A100296A77 /* EventViewController.swift */ = {isa = PBXFileReference; fileEncoding = 4; lastKnownFileType = sourcecode.swift; path = EventViewController.swift; sourceTree = "<group>"; };
		FE0516ED1D16361300296A77 /* HostUpdatesTableViewController.swift */ = {isa = PBXFileReference; fileEncoding = 4; lastKnownFileType = sourcecode.swift; path = HostUpdatesTableViewController.swift; sourceTree = "<group>"; };
		FE1546241D3D96ED00FFC9AB /* UserCommentsViewController.swift */ = {isa = PBXFileReference; fileEncoding = 4; lastKnownFileType = sourcecode.swift; path = UserCommentsViewController.swift; sourceTree = "<group>"; };
		FE4F1E451D1C60B0002DFC1F /* SearchAddressViewController.swift */ = {isa = PBXFileReference; fileEncoding = 4; lastKnownFileType = sourcecode.swift; path = SearchAddressViewController.swift; sourceTree = "<group>"; };
		FE5364851D3073D600C99126 /* EventImageViewController.swift */ = {isa = PBXFileReference; fileEncoding = 4; lastKnownFileType = sourcecode.swift; path = EventImageViewController.swift; sourceTree = "<group>"; };
		FE5364871D30828100C99126 /* Event.swift */ = {isa = PBXFileReference; fileEncoding = 4; lastKnownFileType = sourcecode.swift; path = Event.swift; sourceTree = "<group>"; };
		FE5364891D36C64D00C99126 /* SearchEventTableViewController.swift */ = {isa = PBXFileReference; fileEncoding = 4; lastKnownFileType = sourcecode.swift; path = SearchEventTableViewController.swift; sourceTree = "<group>"; };
		FE53648B1D3869ED00C99126 /* MapViewController.swift */ = {isa = PBXFileReference; fileEncoding = 4; lastKnownFileType = sourcecode.swift; path = MapViewController.swift; sourceTree = "<group>"; };
		FE53648D1D39670E00C99126 /* UIStoryboardSegueWithCompletion.swift */ = {isa = PBXFileReference; fileEncoding = 4; lastKnownFileType = sourcecode.swift; path = UIStoryboardSegueWithCompletion.swift; sourceTree = "<group>"; };
		FE6E9BDD1D4013A200691D3C /* userCommentTableViewCell.swift */ = {isa = PBXFileReference; fileEncoding = 4; lastKnownFileType = sourcecode.swift; path = userCommentTableViewCell.swift; sourceTree = "<group>"; };
		FE9C98771D18431300E63A8F /* SignInViewController.swift */ = {isa = PBXFileReference; fileEncoding = 4; lastKnownFileType = sourcecode.swift; path = SignInViewController.swift; sourceTree = "<group>"; };
		FE9C987B1D1858E600E63A8F /* UserState.swift */ = {isa = PBXFileReference; fileEncoding = 4; lastKnownFileType = sourcecode.swift; path = UserState.swift; sourceTree = "<group>"; };
		FE9C987D1D18677E00E63A8F /* CreateEventViewController.swift */ = {isa = PBXFileReference; fileEncoding = 4; lastKnownFileType = sourcecode.swift; path = CreateEventViewController.swift; sourceTree = "<group>"; };
		FE9F0BA51D3F043C00011370 /* HostMenuTableViewController.swift */ = {isa = PBXFileReference; fileEncoding = 4; lastKnownFileType = sourcecode.swift; path = HostMenuTableViewController.swift; sourceTree = "<group>"; };
/* End PBXFileReference section */

/* Begin PBXFrameworksBuildPhase section */
		FE0516AB1D15D64E00296A77 /* Frameworks */ = {
			isa = PBXFrameworksBuildPhase;
			buildActionMask = 2147483647;
			files = (
				95219D150FE17A558BA876B1 /* Pods_Eventis.framework in Frameworks */,
			);
			runOnlyForDeploymentPostprocessing = 0;
		};
/* End PBXFrameworksBuildPhase section */

/* Begin PBXGroup section */
		1D7F361A90B8CF47A90D38A5 /* Pods */ = {
			isa = PBXGroup;
			children = (
				824454ECCC182DC1A6A98F90 /* Pods-Eventis.debug.xcconfig */,
				A47C821563CB29CE830471A5 /* Pods-Eventis.release.xcconfig */,
			);
			name = Pods;
			sourceTree = "<group>";
		};
		8AD583B55EE4AB19871073E6 /* Frameworks */ = {
			isa = PBXGroup;
			children = (
				B98E722B36DD3572913E5E92 /* Pods_Eventis.framework */,
			);
			name = Frameworks;
			sourceTree = "<group>";
		};
		FE0516A51D15D64E00296A77 = {
			isa = PBXGroup;
			children = (
				FE0516C51D15DD0900296A77 /* GoogleService-Info.plist */,
				FE0516B01D15D64E00296A77 /* Eventis */,
				FE0516AF1D15D64E00296A77 /* Products */,
				1D7F361A90B8CF47A90D38A5 /* Pods */,
				8AD583B55EE4AB19871073E6 /* Frameworks */,
			);
			sourceTree = "<group>";
		};
		FE0516AF1D15D64E00296A77 /* Products */ = {
			isa = PBXGroup;
			children = (
				FE0516AE1D15D64E00296A77 /* Eventis.app */,
			);
			name = Products;
			sourceTree = "<group>";
		};
		FE0516B01D15D64E00296A77 /* Eventis */ = {
			isa = PBXGroup;
			children = (
				FE0516B11D15D64E00296A77 /* AppDelegate.swift */,
				FE0516B51D15D64E00296A77 /* Main.storyboard */,
				FE0516B81D15D64E00296A77 /* Assets.xcassets */,
				FE0516BA1D15D64E00296A77 /* LaunchScreen.storyboard */,
				FE0516BD1D15D64E00296A77 /* Info.plist */,
				FE0516E71D16249500296A77 /* User.swift */,
				FE0516E91D1635A100296A77 /* EventViewController.swift */,
				FE0516ED1D16361300296A77 /* HostUpdatesTableViewController.swift */,
				FE9C98771D18431300E63A8F /* SignInViewController.swift */,
				FE9C987B1D1858E600E63A8F /* UserState.swift */,
				FE9C987D1D18677E00E63A8F /* CreateEventViewController.swift */,
				FE4F1E451D1C60B0002DFC1F /* SearchAddressViewController.swift */,
				FE020FDA1D3D86F7005A87B3 /* customButton.swift */,
				FE5364851D3073D600C99126 /* EventImageViewController.swift */,
				FE5364871D30828100C99126 /* Event.swift */,
				FE5364891D36C64D00C99126 /* SearchEventTableViewController.swift */,
				FE53648B1D3869ED00C99126 /* MapViewController.swift */,
				FE53648D1D39670E00C99126 /* UIStoryboardSegueWithCompletion.swift */,
				FE020FD81D3D83CD005A87B3 /* customTextView.swift */,
				FE1546241D3D96ED00FFC9AB /* UserCommentsViewController.swift */,
				FE9F0BA51D3F043C00011370 /* HostMenuTableViewController.swift */,
				FE6E9BDD1D4013A200691D3C /* userCommentTableViewCell.swift */,
			);
			path = Eventis;
			sourceTree = "<group>";
		};
/* End PBXGroup section */

/* Begin PBXNativeTarget section */
		FE0516AD1D15D64E00296A77 /* Eventis */ = {
			isa = PBXNativeTarget;
			buildConfigurationList = FE0516C01D15D64E00296A77 /* Build configuration list for PBXNativeTarget "Eventis" */;
			buildPhases = (
				AB5CEBC1547F84A3ED77BB42 /* [CP] Check Pods Manifest.lock */,
				FE0516AA1D15D64E00296A77 /* Sources */,
				FE0516AB1D15D64E00296A77 /* Frameworks */,
				FE0516AC1D15D64E00296A77 /* Resources */,
				8553CAA8A3C4D9403E27C0F6 /* [CP] Embed Pods Frameworks */,
				6A6D05F79AE3A7B149416B55 /* [CP] Copy Pods Resources */,
			);
			buildRules = (
			);
			dependencies = (
			);
			name = Eventis;
			productName = Eventis;
			productReference = FE0516AE1D15D64E00296A77 /* Eventis.app */;
			productType = "com.apple.product-type.application";
		};
/* End PBXNativeTarget section */

/* Begin PBXProject section */
		FE0516A61D15D64E00296A77 /* Project object */ = {
			isa = PBXProject;
			attributes = {
				LastSwiftUpdateCheck = 0730;
				LastUpgradeCheck = 0730;
				ORGANIZATIONNAME = "Tendai Prince Dzonga";
				TargetAttributes = {
					FE0516AD1D15D64E00296A77 = {
						CreatedOnToolsVersion = 7.3;
						DevelopmentTeam = URMWQU63PG;
					};
				};
			};
			buildConfigurationList = FE0516A91D15D64E00296A77 /* Build configuration list for PBXProject "Eventis" */;
			compatibilityVersion = "Xcode 3.2";
			developmentRegion = English;
			hasScannedForEncodings = 0;
			knownRegions = (
				en,
				Base,
			);
			mainGroup = FE0516A51D15D64E00296A77;
			productRefGroup = FE0516AF1D15D64E00296A77 /* Products */;
			projectDirPath = "";
			projectRoot = "";
			targets = (
				FE0516AD1D15D64E00296A77 /* Eventis */,
			);
		};
/* End PBXProject section */

/* Begin PBXResourcesBuildPhase section */
		FE0516AC1D15D64E00296A77 /* Resources */ = {
			isa = PBXResourcesBuildPhase;
			buildActionMask = 2147483647;
			files = (
				FE0516BC1D15D64E00296A77 /* LaunchScreen.storyboard in Resources */,
				FE0516C61D15DD0900296A77 /* GoogleService-Info.plist in Resources */,
				FE0516B91D15D64E00296A77 /* Assets.xcassets in Resources */,
				FE0516B71D15D64E00296A77 /* Main.storyboard in Resources */,
			);
			runOnlyForDeploymentPostprocessing = 0;
		};
/* End PBXResourcesBuildPhase section */

/* Begin PBXShellScriptBuildPhase section */
		6A6D05F79AE3A7B149416B55 /* [CP] Copy Pods Resources */ = {
			isa = PBXShellScriptBuildPhase;
			buildActionMask = 2147483647;
			files = (
			);
			inputPaths = (
			);
			name = "[CP] Copy Pods Resources";
			outputPaths = (
			);
			runOnlyForDeploymentPostprocessing = 0;
			shellPath = /bin/sh;
			shellScript = "\"${SRCROOT}/Pods/Target Support Files/Pods-Eventis/Pods-Eventis-resources.sh\"\n";
			showEnvVarsInLog = 0;
		};
		8553CAA8A3C4D9403E27C0F6 /* [CP] Embed Pods Frameworks */ = {
			isa = PBXShellScriptBuildPhase;
			buildActionMask = 2147483647;
			files = (
			);
			inputPaths = (
			);
			name = "[CP] Embed Pods Frameworks";
			outputPaths = (
			);
			runOnlyForDeploymentPostprocessing = 0;
			shellPath = /bin/sh;
			shellScript = "\"${SRCROOT}/Pods/Target Support Files/Pods-Eventis/Pods-Eventis-frameworks.sh\"\n";
			showEnvVarsInLog = 0;
		};
		AB5CEBC1547F84A3ED77BB42 /* [CP] Check Pods Manifest.lock */ = {
			isa = PBXShellScriptBuildPhase;
			buildActionMask = 2147483647;
			files = (
			);
			inputPaths = (
			);
			name = "[CP] Check Pods Manifest.lock";
			outputPaths = (
			);
			runOnlyForDeploymentPostprocessing = 0;
			shellPath = /bin/sh;
			shellScript = "diff \"${PODS_ROOT}/../Podfile.lock\" \"${PODS_ROOT}/Manifest.lock\" > /dev/null\nif [[ $? != 0 ]] ; then\n    cat << EOM\nerror: The sandbox is not in sync with the Podfile.lock. Run 'pod install' or update your CocoaPods installation.\nEOM\n    exit 1\nfi\n";
			showEnvVarsInLog = 0;
		};
/* End PBXShellScriptBuildPhase section */

/* Begin PBXSourcesBuildPhase section */
		FE0516AA1D15D64E00296A77 /* Sources */ = {
			isa = PBXSourcesBuildPhase;
			buildActionMask = 2147483647;
			files = (
				FE6E9BDE1D4013A200691D3C /* userCommentTableViewCell.swift in Sources */,
				FE020FD91D3D83CD005A87B3 /* customTextView.swift in Sources */,
				FE9C98781D18431300E63A8F /* SignInViewController.swift in Sources */,
				FE4F1E461D1C60B0002DFC1F /* SearchAddressViewController.swift in Sources */,
				FE53648E1D39670E00C99126 /* UIStoryboardSegueWithCompletion.swift in Sources */,
				FE5364861D3073D600C99126 /* EventImageViewController.swift in Sources */,
				FE5364881D30828100C99126 /* Event.swift in Sources */,
				FE9C987C1D1858E600E63A8F /* UserState.swift in Sources */,
				FE0516EA1D1635A100296A77 /* EventViewController.swift in Sources */,
				FE53648C1D3869EE00C99126 /* MapViewController.swift in Sources */,
				FE53648A1D36C64D00C99126 /* SearchEventTableViewController.swift in Sources */,
				FE0516EE1D16361300296A77 /* HostUpdatesTableViewController.swift in Sources */,
				FE0516B21D15D64E00296A77 /* AppDelegate.swift in Sources */,
				FE0516E81D16249500296A77 /* User.swift in Sources */,
				FE9C987E1D18677E00E63A8F /* CreateEventViewController.swift in Sources */,
				FE1546251D3D96ED00FFC9AB /* UserCommentsViewController.swift in Sources */,
				FE9F0BA61D3F043C00011370 /* HostMenuTableViewController.swift in Sources */,
				FE020FDB1D3D86F7005A87B3 /* customButton.swift in Sources */,
			);
			runOnlyForDeploymentPostprocessing = 0;
		};
/* End PBXSourcesBuildPhase section */

/* Begin PBXVariantGroup section */
		FE0516B51D15D64E00296A77 /* Main.storyboard */ = {
			isa = PBXVariantGroup;
			children = (
				FE0516B61D15D64E00296A77 /* Base */,
			);
			name = Main.storyboard;
			sourceTree = "<group>";
		};
		FE0516BA1D15D64E00296A77 /* LaunchScreen.storyboard */ = {
			isa = PBXVariantGroup;
			children = (
				FE0516BB1D15D64E00296A77 /* Base */,
			);
			name = LaunchScreen.storyboard;
			sourceTree = "<group>";
		};
/* End PBXVariantGroup section */

/* Begin XCBuildConfiguration section */
		FE0516BE1D15D64E00296A77 /* Debug */ = {
			isa = XCBuildConfiguration;
			buildSettings = {
				ALWAYS_SEARCH_USER_PATHS = NO;
				CLANG_ANALYZER_NONNULL = YES;
				CLANG_CXX_LANGUAGE_STANDARD = "gnu++0x";
				CLANG_CXX_LIBRARY = "libc++";
				CLANG_ENABLE_MODULES = YES;
				CLANG_ENABLE_OBJC_ARC = YES;
				CLANG_WARN_BOOL_CONVERSION = YES;
				CLANG_WARN_CONSTANT_CONVERSION = YES;
				CLANG_WARN_DIRECT_OBJC_ISA_USAGE = YES_ERROR;
				CLANG_WARN_EMPTY_BODY = YES;
				CLANG_WARN_ENUM_CONVERSION = YES;
				CLANG_WARN_INT_CONVERSION = YES;
				CLANG_WARN_OBJC_ROOT_CLASS = YES_ERROR;
				CLANG_WARN_UNREACHABLE_CODE = YES;
				CLANG_WARN__DUPLICATE_METHOD_MATCH = YES;
				"CODE_SIGN_IDENTITY[sdk=iphoneos*]" = "iPhone Developer";
				COPY_PHASE_STRIP = NO;
				DEBUG_INFORMATION_FORMAT = dwarf;
				ENABLE_STRICT_OBJC_MSGSEND = YES;
				ENABLE_TESTABILITY = YES;
				GCC_C_LANGUAGE_STANDARD = gnu99;
				GCC_DYNAMIC_NO_PIC = NO;
				GCC_NO_COMMON_BLOCKS = YES;
				GCC_OPTIMIZATION_LEVEL = 0;
				GCC_PREPROCESSOR_DEFINITIONS = (
					"DEBUG=1",
					"$(inherited)",
				);
				GCC_WARN_64_TO_32_BIT_CONVERSION = YES;
				GCC_WARN_ABOUT_RETURN_TYPE = YES_ERROR;
				GCC_WARN_UNDECLARED_SELECTOR = YES;
				GCC_WARN_UNINITIALIZED_AUTOS = YES_AGGRESSIVE;
				GCC_WARN_UNUSED_FUNCTION = YES;
				GCC_WARN_UNUSED_VARIABLE = YES;
				IPHONEOS_DEPLOYMENT_TARGET = 9.3;
				MTL_ENABLE_DEBUG_INFO = YES;
				ONLY_ACTIVE_ARCH = YES;
				SDKROOT = iphoneos;
				SWIFT_OPTIMIZATION_LEVEL = "-Onone";
			};
			name = Debug;
		};
		FE0516BF1D15D64E00296A77 /* Release */ = {
			isa = XCBuildConfiguration;
			buildSettings = {
				ALWAYS_SEARCH_USER_PATHS = NO;
				CLANG_ANALYZER_NONNULL = YES;
				CLANG_CXX_LANGUAGE_STANDARD = "gnu++0x";
				CLANG_CXX_LIBRARY = "libc++";
				CLANG_ENABLE_MODULES = YES;
				CLANG_ENABLE_OBJC_ARC = YES;
				CLANG_WARN_BOOL_CONVERSION = YES;
				CLANG_WARN_CONSTANT_CONVERSION = YES;
				CLANG_WARN_DIRECT_OBJC_ISA_USAGE = YES_ERROR;
				CLANG_WARN_EMPTY_BODY = YES;
				CLANG_WARN_ENUM_CONVERSION = YES;
				CLANG_WARN_INT_CONVERSION = YES;
				CLANG_WARN_OBJC_ROOT_CLASS = YES_ERROR;
				CLANG_WARN_UNREACHABLE_CODE = YES;
				CLANG_WARN__DUPLICATE_METHOD_MATCH = YES;
				"CODE_SIGN_IDENTITY[sdk=iphoneos*]" = "iPhone Developer";
				COPY_PHASE_STRIP = NO;
				DEBUG_INFORMATION_FORMAT = "dwarf-with-dsym";
				ENABLE_NS_ASSERTIONS = NO;
				ENABLE_STRICT_OBJC_MSGSEND = YES;
				GCC_C_LANGUAGE_STANDARD = gnu99;
				GCC_NO_COMMON_BLOCKS = YES;
				GCC_WARN_64_TO_32_BIT_CONVERSION = YES;
				GCC_WARN_ABOUT_RETURN_TYPE = YES_ERROR;
				GCC_WARN_UNDECLARED_SELECTOR = YES;
				GCC_WARN_UNINITIALIZED_AUTOS = YES_AGGRESSIVE;
				GCC_WARN_UNUSED_FUNCTION = YES;
				GCC_WARN_UNUSED_VARIABLE = YES;
				IPHONEOS_DEPLOYMENT_TARGET = 9.3;
				MTL_ENABLE_DEBUG_INFO = NO;
				SDKROOT = iphoneos;
				VALIDATE_PRODUCT = YES;
			};
			name = Release;
		};
		FE0516C11D15D64E00296A77 /* Debug */ = {
			isa = XCBuildConfiguration;
			baseConfigurationReference = 824454ECCC182DC1A6A98F90 /* Pods-Eventis.debug.xcconfig */;
			buildSettings = {
				ASSETCATALOG_COMPILER_APPICON_NAME = AppIcon;
				CODE_SIGN_IDENTITY = "iPhone Developer";
				"CODE_SIGN_IDENTITY[sdk=iphoneos*]" = "iPhone Developer";
				INFOPLIST_FILE = Eventis/Info.plist;
				LD_RUNPATH_SEARCH_PATHS = "$(inherited) @executable_path/Frameworks";
				PRODUCT_BUNDLE_IDENTIFIER = "Dzonga-Prince-Tendai.Eventis";
				PRODUCT_NAME = "$(TARGET_NAME)";
				PROVISIONING_PROFILE = "";
			};
			name = Debug;
		};
		FE0516C21D15D64E00296A77 /* Release */ = {
			isa = XCBuildConfiguration;
			baseConfigurationReference = A47C821563CB29CE830471A5 /* Pods-Eventis.release.xcconfig */;
			buildSettings = {
				ASSETCATALOG_COMPILER_APPICON_NAME = AppIcon;
				CODE_SIGN_IDENTITY = "iPhone Developer";
				"CODE_SIGN_IDENTITY[sdk=iphoneos*]" = "iPhone Developer";
				INFOPLIST_FILE = Eventis/Info.plist;
				LD_RUNPATH_SEARCH_PATHS = "$(inherited) @executable_path/Frameworks";
				PRODUCT_BUNDLE_IDENTIFIER = "Dzonga-Prince-Tendai.Eventis";
				PRODUCT_NAME = "$(TARGET_NAME)";
				PROVISIONING_PROFILE = "";
			};
			name = Release;
		};
/* End XCBuildConfiguration section */

/* Begin XCConfigurationList section */
		FE0516A91D15D64E00296A77 /* Build configuration list for PBXProject "Eventis" */ = {
			isa = XCConfigurationList;
			buildConfigurations = (
				FE0516BE1D15D64E00296A77 /* Debug */,
				FE0516BF1D15D64E00296A77 /* Release */,
			);
			defaultConfigurationIsVisible = 0;
			defaultConfigurationName = Release;
		};
		FE0516C01D15D64E00296A77 /* Build configuration list for PBXNativeTarget "Eventis" */ = {
			isa = XCConfigurationList;
			buildConfigurations = (
				FE0516C11D15D64E00296A77 /* Debug */,
				FE0516C21D15D64E00296A77 /* Release */,
			);
			defaultConfigurationIsVisible = 0;
			defaultConfigurationName = Release;
		};
/* End XCConfigurationList section */
	};
	rootObject = FE0516A61D15D64E00296A77 /* Project object */;
}
